
Microsoft Visual Studio Solution File, Format Version 12.00
# Visual Studio Version 17
VisualStudioVersion = 17.0.31903.59
MinimumVisualStudioVersion = 10.0.40219.1
Project("{2150E333-8FDC-42A3-9474-1A3956D46DE8}") = "Domain", "Domain", "{996CEBED-A05B-5D42-3FF0-982E087A2599}"
EndProject
Project("{FAE04EC0-301F-11D3-BF4B-00C04F79EFBC}") = "AdaByron.Domain", "Domain\AdaByron.Domain.csproj", "{9C458B4A-60A3-4947-A22B-791F3D17C029}"
EndProject
Project("{2150E333-8FDC-42A3-9474-1A3956D46DE8}") = "Application", "Application", "{A74F262E-BDE7-D5D2-89E9-785413424D0A}"
EndProject
Project("{FAE04EC0-301F-11D3-BF4B-00C04F79EFBC}") = "AdaByron.Application", "Application\AdaByron.Application.csproj", "{822965D1-3C9E-4DA3-99CC-C450E24A1637}"
EndProject
Project("{2150E333-8FDC-42A3-9474-1A3956D46DE8}") = "Infrastructure", "Infrastructure", "{DFEE68D8-A7D0-1A41-506C-9B74AA9A7B7B}"
EndProject
Project("{FAE04EC0-301F-11D3-BF4B-00C04F79EFBC}") = "AdaByron.Infrastructure", "Infrastructure\AdaByron.Infrastructure.csproj", "{46D60E9A-A63C-49EB-BC07-F7A465971A1F}"
EndProject
Project("{FAE04EC0-301F-11D3-BF4B-00C04F79EFBC}") = "AdaByron.API", "AdaByron.API\AdaByron.API.csproj", "{CBC209E8-B6C1-41BA-AE63-3E1626638654}"
EndProject
Project("{2150E333-8FDC-42A3-9474-1A3956D46DE8}") = "Tests", "Tests", "{0AB3BF05-4346-4AA6-1389-037BE0695223}"
EndProject
Project("{FAE04EC0-301F-11D3-BF4B-00C04F79EFBC}") = "AdaByron.Domain.Tests", "Tests\AdaByron.Domain.Tests\AdaByron.Domain.Tests.csproj", "{EED17922-9F68-4A49-83B9-069668AD2685}"
EndProject
Project("{FAE04EC0-301F-11D3-BF4B-00C04F79EFBC}") = "AdaByron.Application.Tests", "Tests\AdaByron.Application.Tests\AdaByron.Application.Tests.csproj", "{D93090C8-219E-4885-87A1-67B7D00C539E}"
EndProject
Project("{FAE04EC0-301F-11D3-BF4B-00C04F79EFBC}") = "AdaByron.Integration.Tests", "Tests\AdaByron.Integration.Tests\AdaByron.Integration.Tests.csproj", "{175CA589-B58D-483E-8A35-34C6F5185CB0}"
EndProject
Global
	GlobalSection(SolutionConfigurationPlatforms) = preSolution
		Debug|Any CPU = Debug|Any CPU
		Debug|x64 = Debug|x64
		Debug|x86 = Debug|x86
		Release|Any CPU = Release|Any CPU
		Release|x64 = Release|x64
		Release|x86 = Release|x86
	EndGlobalSection
	GlobalSection(ProjectConfigurationPlatforms) = postSolution
		{9C458B4A-60A3-4947-A22B-791F3D17C029}.Debug|Any CPU.ActiveCfg = Debug|Any CPU
		{9C458B4A-60A3-4947-A22B-791F3D17C029}.Debug|Any CPU.Build.0 = Debug|Any CPU
		{9C458B4A-60A3-4947-A22B-791F3D17C029}.Debug|x64.ActiveCfg = Debug|Any CPU
		{9C458B4A-60A3-4947-A22B-791F3D17C029}.Debug|x64.Build.0 = Debug|Any CPU
		{9C458B4A-60A3-4947-A22B-791F3D17C029}.Debug|x86.ActiveCfg = Debug|Any CPU
		{9C458B4A-60A3-4947-A22B-791F3D17C029}.Debug|x86.Build.0 = Debug|Any CPU
		{9C458B4A-60A3-4947-A22B-791F3D17C029}.Release|Any CPU.ActiveCfg = Release|Any CPU
		{9C458B4A-60A3-4947-A22B-791F3D17C029}.Release|Any CPU.Build.0 = Release|Any CPU
		{9C458B4A-60A3-4947-A22B-791F3D17C029}.Release|x64.ActiveCfg = Release|Any CPU
		{9C458B4A-60A3-4947-A22B-791F3D17C029}.Release|x64.Build.0 = Release|Any CPU
		{9C458B4A-60A3-4947-A22B-791F3D17C029}.Release|x86.ActiveCfg = Release|Any CPU
		{9C458B4A-60A3-4947-A22B-791F3D17C029}.Release|x86.Build.0 = Release|Any CPU
		{822965D1-3C9E-4DA3-99CC-C450E24A1637}.Debug|Any CPU.ActiveCfg = Debug|Any CPU
		{822965D1-3C9E-4DA3-99CC-C450E24A1637}.Debug|Any CPU.Build.0 = Debug|Any CPU
		{822965D1-3C9E-4DA3-99CC-C450E24A1637}.Debug|x64.ActiveCfg = Debug|Any CPU
		{822965D1-3C9E-4DA3-99CC-C450E24A1637}.Debug|x64.Build.0 = Debug|Any CPU
		{822965D1-3C9E-4DA3-99CC-C450E24A1637}.Debug|x86.ActiveCfg = Debug|Any CPU
		{822965D1-3C9E-4DA3-99CC-C450E24A1637}.Debug|x86.Build.0 = Debug|Any CPU
		{822965D1-3C9E-4DA3-99CC-C450E24A1637}.Release|Any CPU.ActiveCfg = Release|Any CPU
		{822965D1-3C9E-4DA3-99CC-C450E24A1637}.Release|Any CPU.Build.0 = Release|Any CPU
		{822965D1-3C9E-4DA3-99CC-C450E24A1637}.Release|x64.ActiveCfg = Release|Any CPU
		{822965D1-3C9E-4DA3-99CC-C450E24A1637}.Release|x64.Build.0 = Release|Any CPU
		{822965D1-3C9E-4DA3-99CC-C450E24A1637}.Release|x86.ActiveCfg = Release|Any CPU
		{822965D1-3C9E-4DA3-99CC-C450E24A1637}.Release|x86.Build.0 = Release|Any CPU
		{46D60E9A-A63C-49EB-BC07-F7A465971A1F}.Debug|Any CPU.ActiveCfg = Debug|Any CPU
		{46D60E9A-A63C-49EB-BC07-F7A465971A1F}.Debug|Any CPU.Build.0 = Debug|Any CPU
		{46D60E9A-A63C-49EB-BC07-F7A465971A1F}.Debug|x64.ActiveCfg = Debug|Any CPU
		{46D60E9A-A63C-49EB-BC07-F7A465971A1F}.Debug|x64.Build.0 = Debug|Any CPU
		{46D60E9A-A63C-49EB-BC07-F7A465971A1F}.Debug|x86.ActiveCfg = Debug|Any CPU
		{46D60E9A-A63C-49EB-BC07-F7A465971A1F}.Debug|x86.Build.0 = Debug|Any CPU
		{46D60E9A-A63C-49EB-BC07-F7A465971A1F}.Release|Any CPU.ActiveCfg = Release|Any CPU
		{46D60E9A-A63C-49EB-BC07-F7A465971A1F}.Release|Any CPU.Build.0 = Release|Any CPU
		{46D60E9A-A63C-49EB-BC07-F7A465971A1F}.Release|x64.ActiveCfg = Release|Any CPU
		{46D60E9A-A63C-49EB-BC07-F7A465971A1F}.Release|x64.Build.0 = Release|Any CPU
		{46D60E9A-A63C-49EB-BC07-F7A465971A1F}.Release|x86.ActiveCfg = Release|Any CPU
		{46D60E9A-A63C-49EB-BC07-F7A465971A1F}.Release|x86.Build.0 = Release|Any CPU
		{CBC209E8-B6C1-41BA-AE63-3E1626638654}.Debug|Any CPU.ActiveCfg = Debug|Any CPU
		{CBC209E8-B6C1-41BA-AE63-3E1626638654}.Debug|Any CPU.Build.0 = Debug|Any CPU
		{CBC209E8-B6C1-41BA-AE63-3E1626638654}.Debug|x64.ActiveCfg = Debug|Any CPU
		{CBC209E8-B6C1-41BA-AE63-3E1626638654}.Debug|x64.Build.0 = Debug|Any CPU
		{CBC209E8-B6C1-41BA-AE63-3E1626638654}.Debug|x86.ActiveCfg = Debug|Any CPU
		{CBC209E8-B6C1-41BA-AE63-3E1626638654}.Debug|x86.Build.0 = Debug|Any CPU
		{CBC209E8-B6C1-41BA-AE63-3E1626638654}.Release|Any CPU.ActiveCfg = Release|Any CPU
		{CBC209E8-B6C1-41BA-AE63-3E1626638654}.Release|Any CPU.Build.0 = Release|Any CPU
		{CBC209E8-B6C1-41BA-AE63-3E1626638654}.Release|x64.ActiveCfg = Release|Any CPU
		{CBC209E8-B6C1-41BA-AE63-3E1626638654}.Release|x64.Build.0 = Release|Any CPU
		{CBC209E8-B6C1-41BA-AE63-3E1626638654}.Release|x86.ActiveCfg = Release|Any CPU
		{CBC209E8-B6C1-41BA-AE63-3E1626638654}.Release|x86.Build.0 = Release|Any CPU
		{EED17922-9F68-4A49-83B9-069668AD2685}.Debug|Any CPU.ActiveCfg = Debug|Any CPU
		{EED17922-9F68-4A49-83B9-069668AD2685}.Debug|Any CPU.Build.0 = Debug|Any CPU
		{EED17922-9F68-4A49-83B9-069668AD2685}.Debug|x64.ActiveCfg = Debug|Any CPU
		{EED17922-9F68-4A49-83B9-069668AD2685}.Debug|x64.Build.0 = Debug|Any CPU
		{EED17922-9F68-4A49-83B9-069668AD2685}.Debug|x86.ActiveCfg = Debug|Any CPU
		{EED17922-9F68-4A49-83B9-069668AD2685}.Debug|x86.Build.0 = Debug|Any CPU
		{EED17922-9F68-4A49-83B9-069668AD2685}.Release|Any CPU.ActiveCfg = Release|Any CPU
		{EED17922-9F68-4A49-83B9-069668AD2685}.Release|Any CPU.Build.0 = Release|Any CPU
		{EED17922-9F68-4A49-83B9-069668AD2685}.Release|x64.ActiveCfg = Release|Any CPU
		{EED17922-9F68-4A49-83B9-069668AD2685}.Release|x64.Build.0 = Release|Any CPU
		{EED17922-9F68-4A49-83B9-069668AD2685}.Release|x86.ActiveCfg = Release|Any CPU
		{EED17922-9F68-4A49-83B9-069668AD2685}.Release|x86.Build.0 = Release|Any CPU
		{D93090C8-219E-4885-87A1-67B7D00C539E}.Debug|Any CPU.ActiveCfg = Debug|Any CPU
		{D93090C8-219E-4885-87A1-67B7D00C539E}.Debug|Any CPU.Build.0 = Debug|Any CPU
		{D93090C8-219E-4885-87A1-67B7D00C539E}.Debug|x64.ActiveCfg = Debug|Any CPU
		{D93090C8-219E-4885-87A1-67B7D00C539E}.Debug|x64.Build.0 = Debug|Any CPU
		{D93090C8-219E-4885-87A1-67B7D00C539E}.Debug|x86.ActiveCfg = Debug|Any CPU
		{D93090C8-219E-4885-87A1-67B7D00C539E}.Debug|x86.Build.0 = Debug|Any CPU
		{D93090C8-219E-4885-87A1-67B7D00C539E}.Release|Any CPU.ActiveCfg = Release|Any CPU
		{D93090C8-219E-4885-87A1-67B7D00C539E}.Release|Any CPU.Build.0 = Release|Any CPU
		{D93090C8-219E-4885-87A1-67B7D00C539E}.Release|x64.ActiveCfg = Release|Any CPU
		{D93090C8-219E-4885-87A1-67B7D00C539E}.Release|x64.Build.0 = Release|Any CPU
		{D93090C8-219E-4885-87A1-67B7D00C539E}.Release|x86.ActiveCfg = Release|Any CPU
		{D93090C8-219E-4885-87A1-67B7D00C539E}.Release|x86.Build.0 = Release|Any CPU
		{175CA589-B58D-483E-8A35-34C6F5185CB0}.Debug|Any CPU.ActiveCfg = Debug|Any CPU
		{175CA589-B58D-483E-8A35-34C6F5185CB0}.Debug|Any CPU.Build.0 = Debug|Any CPU
		{175CA589-B58D-483E-8A35-34C6F5185CB0}.Debug|x64.ActiveCfg = Debug|Any CPU
		{175CA589-B58D-483E-8A35-34C6F5185CB0}.Debug|x64.Build.0 = Debug|Any CPU
		{175CA589-B58D-483E-8A35-34C6F5185CB0}.Debug|x86.ActiveCfg = Debug|Any CPU
		{175CA589-B58D-483E-8A35-34C6F5185CB0}.Debug|x86.Build.0 = Debug|Any CPU
		{175CA589-B58D-483E-8A35-34C6F5185CB0}.Release|Any CPU.ActiveCfg = Release|Any CPU
		{175CA589-B58D-483E-8A35-34C6F5185CB0}.Release|Any CPU.Build.0 = Release|Any CPU
		{175CA589-B58D-483E-8A35-34C6F5185CB0}.Release|x64.ActiveCfg = Release|Any CPU
		{175CA589-B58D-483E-8A35-34C6F5185CB0}.Release|x64.Build.0 = Release|Any CPU
		{175CA589-B58D-483E-8A35-34C6F5185CB0}.Release|x86.ActiveCfg = Release|Any CPU
		{175CA589-B58D-483E-8A35-34C6F5185CB0}.Release|x86.Build.0 = Release|Any CPU
	EndGlobalSection
	GlobalSection(SolutionProperties) = preSolution
		HideSolutionNode = FALSE
	EndGlobalSection
	GlobalSection(NestedProjects) = preSolution
		{9C458B4A-60A3-4947-A22B-791F3D17C029} = {996CEBED-A05B-5D42-3FF0-982E087A2599}
		{822965D1-3C9E-4DA3-99CC-C450E24A1637} = {A74F262E-BDE7-D5D2-89E9-785413424D0A}
		{46D60E9A-A63C-49EB-BC07-F7A465971A1F} = {DFEE68D8-A7D0-1A41-506C-9B74AA9A7B7B}
		{EED17922-9F68-4A49-83B9-069668AD2685} = {0AB3BF05-4346-4AA6-1389-037BE0695223}
		{D93090C8-219E-4885-87A1-67B7D00C539E} = {0AB3BF05-4346-4AA6-1389-037BE0695223}
		{175CA589-B58D-483E-8A35-34C6F5185CB0} = {0AB3BF05-4346-4AA6-1389-037BE0695223}
	EndGlobalSection
EndGlobal
